
Microsoft Visual Studio Solution File, Format Version 12.00
# Visual Studio 2013
VisualStudioVersion = 12.0.31101.0
MinimumVisualStudioVersion = 10.0.40219.1
Project("{FAE04EC0-301F-11D3-BF4B-00C04F79EFBC}") = "WpfApplication1", "WpfApplication1\WpfApplication1.csproj", "{9816303F-FD5A-4881-AEB4-1916EA03817C}"
EndProject
Project("{FAE04EC0-301F-11D3-BF4B-00C04F79EFBC}") = "FindEditableValuePropertyGenerator", "FindEditableValuePropertyGenerator\FindEditableValuePropertyGenerator.csproj", "{DE4233C8-828B-439E-9011-55BEFC6D0589}"
EndProject
Project("{FAE04EC0-301F-11D3-BF4B-00C04F79EFBC}") = "IdInfoTableTabPageXamlGenerator", "IdInfoTableTabPageXamlGenerator\IdInfoTableTabPageXamlGenerator.csproj", "{1EABBB5C-1A04-4700-A1E7-76D9A3A0A601}"
EndProject
Project("{FAE04EC0-301F-11D3-BF4B-00C04F79EFBC}") = "WpfApplication1.Controls", "WpfApplication1.Controls\WpfApplication1.Controls.csproj", "{D00D162B-5A67-49B3-BAAB-CECA17771587}"
EndProject
Global
	GlobalSection(SolutionConfigurationPlatforms) = preSolution
		Debug|Any CPU = Debug|Any CPU
		Release|Any CPU = Release|Any CPU
	EndGlobalSection
	GlobalSection(ProjectConfigurationPlatforms) = postSolution
		{9816303F-FD5A-4881-AEB4-1916EA03817C}.Debug|Any CPU.ActiveCfg = Debug|Any CPU
		{9816303F-FD5A-4881-AEB4-1916EA03817C}.Debug|Any CPU.Build.0 = Debug|Any CPU
		{9816303F-FD5A-4881-AEB4-1916EA03817C}.Release|Any CPU.ActiveCfg = Release|Any CPU
		{9816303F-FD5A-4881-AEB4-1916EA03817C}.Release|Any CPU.Build.0 = Release|Any CPU
		{DE4233C8-828B-439E-9011-55BEFC6D0589}.Debug|Any CPU.ActiveCfg = Debug|Any CPU
		{DE4233C8-828B-439E-9011-55BEFC6D0589}.Debug|Any CPU.Build.0 = Debug|Any CPU
		{DE4233C8-828B-439E-9011-55BEFC6D0589}.Release|Any CPU.ActiveCfg = Release|Any CPU
		{DE4233C8-828B-439E-9011-55BEFC6D0589}.Release|Any CPU.Build.0 = Release|Any CPU
		{1EABBB5C-1A04-4700-A1E7-76D9A3A0A601}.Debug|Any CPU.ActiveCfg = Debug|Any CPU
		{1EABBB5C-1A04-4700-A1E7-76D9A3A0A601}.Debug|Any CPU.Build.0 = Debug|Any CPU
		{1EABBB5C-1A04-4700-A1E7-76D9A3A0A601}.Release|Any CPU.ActiveCfg = Release|Any CPU
		{1EABBB5C-1A04-4700-A1E7-76D9A3A0A601}.Release|Any CPU.Build.0 = Release|Any CPU
		{D00D162B-5A67-49B3-BAAB-CECA17771587}.Debug|Any CPU.ActiveCfg = Debug|Any CPU
		{D00D162B-5A67-49B3-BAAB-CECA17771587}.Debug|Any CPU.Build.0 = Debug|Any CPU
		{D00D162B-5A67-49B3-BAAB-CECA17771587}.Release|Any CPU.ActiveCfg = Release|Any CPU
		{D00D162B-5A67-49B3-BAAB-CECA17771587}.Release|Any CPU.Build.0 = Release|Any CPU
	EndGlobalSection
	GlobalSection(SolutionProperties) = preSolution
		HideSolutionNode = FALSE
	EndGlobalSection
EndGlobal
